
Microsoft Visual Studio Solution File, Format Version 12.00
# Visual Studio Version 16
VisualStudioVersion = 16.0.31702.278
MinimumVisualStudioVersion = 10.0.40219.1
Project("{FAE04EC0-301F-11D3-BF4B-00C04F79EFBC}") = "ExerciseDataGridView", "ExerciseDataGridView\ExerciseDataGridView.csproj", "{3FCB1FA2-5B6E-453E-90BB-86A62FCD3047}"
EndProject
Global
	GlobalSection(SolutionConfigurationPlatforms) = preSolution
		Debug|Any CPU = Debug|Any CPU
		Release|Any CPU = Release|Any CPU
	EndGlobalSection
	GlobalSection(ProjectConfigurationPlatforms) = postSolution
		{3FCB1FA2-5B6E-453E-90BB-86A62FCD3047}.Debug|Any CPU.ActiveCfg = Debug|Any CPU
		{3FCB1FA2-5B6E-453E-90BB-86A62FCD3047}.Debug|Any CPU.Build.0 = Debug|Any CPU
		{3FCB1FA2-5B6E-453E-90BB-86A62FCD3047}.Release|Any CPU.ActiveCfg = Release|Any CPU
		{3FCB1FA2-5B6E-453E-90BB-86A62FCD3047}.Release|Any CPU.Build.0 = Release|Any CPU
	EndGlobalSection
	GlobalSection(SolutionProperties) = preSolution
		HideSolutionNode = FALSE
	EndGlobalSection
	GlobalSection(ExtensibilityGlobals) = postSolution
		SolutionGuid = {0383765C-7E3F-4D22-972B-E99DE2CB255F}
	EndGlobalSection
EndGlobal
